// !$*UTF8*$!
{
	archiveVersion = 1;
	classes = {
	};
	objectVersion = 54;
	objects = {

/* Begin PBXBuildFile section */
		7300825A245308B100F4909F /* AppDelegate.swift in Sources */ = {isa = PBXBuildFile; fileRef = 73008259245308B100F4909F /* AppDelegate.swift */; };
		7300825C245308B600F4909F /* Assets.xcassets in Resources */ = {isa = PBXBuildFile; fileRef = 7300825B245308B600F4909F /* Assets.xcassets */; };
		7300825F245308B600F4909F /* MainMenu.xib in Resources */ = {isa = PBXBuildFile; fileRef = 7300825D245308B600F4909F /* MainMenu.xib */; };
		73008268245309F200F4909F /* Buttons.swift in Sources */ = {isa = PBXBuildFile; fileRef = 73008267245309F200F4909F /* Buttons.swift */; };
		733DE0042D160A9800F5CB2D /* XMLtoYaml.swift in Sources */ = {isa = PBXBuildFile; fileRef = 733DE0032D160A8C00F5CB2D /* XMLtoYaml.swift */; };
		733DE0072D197D0D00F5CB2D /* Yams in Frameworks */ = {isa = PBXBuildFile; productRef = 733DE0062D197D0D00F5CB2D /* Yams */; };
		733DE00D2D1D596B00F5CB2D /* YamlToXML.swift in Sources */ = {isa = PBXBuildFile; fileRef = 733DE00C2D1D596B00F5CB2D /* YamlToXML.swift */; };
		733DE00F2D1D863400F5CB2D /* XMLtoYamlSnippets.swift in Sources */ = {isa = PBXBuildFile; fileRef = 733DE00E2D1D863400F5CB2D /* XMLtoYamlSnippets.swift */; };
		734EF16724B2582200C203C9 /* UserButtons.swift in Sources */ = {isa = PBXBuildFile; fileRef = 734EF16624B2582200C203C9 /* UserButtons.swift */; };
		7352335927CBF82C004FAA8C /* Buttons3rdParty.swift in Sources */ = {isa = PBXBuildFile; fileRef = 7352335827CBF82C004FAA8C /* Buttons3rdParty.swift */; };
		7352335B27D2981C004FAA8C /* JamfUploaderHelpTexts.swift in Sources */ = {isa = PBXBuildFile; fileRef = 7352335A27D2981C004FAA8C /* JamfUploaderHelpTexts.swift */; };
		73631C1024587182008A6491 /* Highlightr in Frameworks */ = {isa = PBXBuildFile; productRef = 73631C0F24587182008A6491 /* Highlightr */; };
		73A9CE74247A5D2600627DA8 /* Functions.swift in Sources */ = {isa = PBXBuildFile; fileRef = 73A9CE73247A5D2600627DA8 /* Functions.swift */; };
		73B2E40D27D51F9800CFEA88 /* CheckAndVerify.swift in Sources */ = {isa = PBXBuildFile; fileRef = 73B2E40C27D51F9800CFEA88 /* CheckAndVerify.swift */; };
/* End PBXBuildFile section */

/* Begin PBXFileReference section */
		73008256245308B100F4909F /* RecipeBuilder.app */ = {isa = PBXFileReference; explicitFileType = wrapper.application; includeInIndex = 0; path = RecipeBuilder.app; sourceTree = BUILT_PRODUCTS_DIR; };
		73008259245308B100F4909F /* AppDelegate.swift */ = {isa = PBXFileReference; lastKnownFileType = sourcecode.swift; path = AppDelegate.swift; sourceTree = "<group>"; };
		7300825B245308B600F4909F /* Assets.xcassets */ = {isa = PBXFileReference; lastKnownFileType = folder.assetcatalog; path = Assets.xcassets; sourceTree = "<group>"; };
		7300825E245308B600F4909F /* Base */ = {isa = PBXFileReference; lastKnownFileType = file.xib; name = Base; path = Base.lproj/MainMenu.xib; sourceTree = "<group>"; };
		73008260245308B600F4909F /* Info.plist */ = {isa = PBXFileReference; lastKnownFileType = text.plist.xml; path = Info.plist; sourceTree = "<group>"; };
		73008261245308B600F4909F /* RecipeBuilder.entitlements */ = {isa = PBXFileReference; lastKnownFileType = text.plist.entitlements; path = RecipeBuilder.entitlements; sourceTree = "<group>"; };
		73008267245309F200F4909F /* Buttons.swift */ = {isa = PBXFileReference; lastKnownFileType = sourcecode.swift; path = Buttons.swift; sourceTree = "<group>"; };
		733DE0032D160A8C00F5CB2D /* XMLtoYaml.swift */ = {isa = PBXFileReference; lastKnownFileType = sourcecode.swift; path = XMLtoYaml.swift; sourceTree = "<group>"; };
		733DE00C2D1D596B00F5CB2D /* YamlToXML.swift */ = {isa = PBXFileReference; lastKnownFileType = sourcecode.swift; path = YamlToXML.swift; sourceTree = "<group>"; };
		733DE00E2D1D863400F5CB2D /* XMLtoYamlSnippets.swift */ = {isa = PBXFileReference; lastKnownFileType = sourcecode.swift; path = XMLtoYamlSnippets.swift; sourceTree = "<group>"; };
		734EF16624B2582200C203C9 /* UserButtons.swift */ = {isa = PBXFileReference; lastKnownFileType = sourcecode.swift; path = UserButtons.swift; sourceTree = "<group>"; };
		7352335827CBF82C004FAA8C /* Buttons3rdParty.swift */ = {isa = PBXFileReference; lastKnownFileType = sourcecode.swift; path = Buttons3rdParty.swift; sourceTree = "<group>"; };
		7352335A27D2981C004FAA8C /* JamfUploaderHelpTexts.swift */ = {isa = PBXFileReference; lastKnownFileType = sourcecode.swift; path = JamfUploaderHelpTexts.swift; sourceTree = "<group>"; };
		73A9CE73247A5D2600627DA8 /* Functions.swift */ = {isa = PBXFileReference; lastKnownFileType = sourcecode.swift; path = Functions.swift; sourceTree = "<group>"; };
		73B2E40C27D51F9800CFEA88 /* CheckAndVerify.swift */ = {isa = PBXFileReference; lastKnownFileType = sourcecode.swift; path = CheckAndVerify.swift; sourceTree = "<group>"; };
/* End PBXFileReference section */

/* Begin PBXFrameworksBuildPhase section */
		73008253245308B100F4909F /* Frameworks */ = {
			isa = PBXFrameworksBuildPhase;
			buildActionMask = 2147483647;
			files = (
				733DE0072D197D0D00F5CB2D /* Yams in Frameworks */,
				73631C1024587182008A6491 /* Highlightr in Frameworks */,
			);
			runOnlyForDeploymentPostprocessing = 0;
		};
/* End PBXFrameworksBuildPhase section */

/* Begin PBXGroup section */
		7300824D245308B100F4909F = {
			isa = PBXGroup;
			children = (
				73008258245308B100F4909F /* RecipeBuilder */,
				73008257245308B100F4909F /* Products */,
			);
			sourceTree = "<group>";
		};
		73008257245308B100F4909F /* Products */ = {
			isa = PBXGroup;
			children = (
				73008256245308B100F4909F /* RecipeBuilder.app */,
			);
			name = Products;
			sourceTree = "<group>";
		};
		73008258245308B100F4909F /* RecipeBuilder */ = {
			isa = PBXGroup;
			children = (
				73008259245308B100F4909F /* AppDelegate.swift */,
				7352335A27D2981C004FAA8C /* JamfUploaderHelpTexts.swift */,
				734EF16624B2582200C203C9 /* UserButtons.swift */,
				73008267245309F200F4909F /* Buttons.swift */,
				7352335827CBF82C004FAA8C /* Buttons3rdParty.swift */,
				73A9CE73247A5D2600627DA8 /* Functions.swift */,
				733DE00C2D1D596B00F5CB2D /* YamlToXML.swift */,
				733DE0032D160A8C00F5CB2D /* XMLtoYaml.swift */,
				733DE00E2D1D863400F5CB2D /* XMLtoYamlSnippets.swift */,
				73B2E40C27D51F9800CFEA88 /* CheckAndVerify.swift */,
				7300825B245308B600F4909F /* Assets.xcassets */,
				7300825D245308B600F4909F /* MainMenu.xib */,
				73008260245308B600F4909F /* Info.plist */,
				73008261245308B600F4909F /* RecipeBuilder.entitlements */,
			);
			path = RecipeBuilder;
			sourceTree = "<group>";
		};
/* End PBXGroup section */

/* Begin PBXNativeTarget section */
		73008255245308B100F4909F /* RecipeBuilder */ = {
			isa = PBXNativeTarget;
			buildConfigurationList = 73008264245308B600F4909F /* Build configuration list for PBXNativeTarget "RecipeBuilder" */;
			buildPhases = (
				73008252245308B100F4909F /* Sources */,
				73008253245308B100F4909F /* Frameworks */,
				73008254245308B100F4909F /* Resources */,
			);
			buildRules = (
			);
			dependencies = (
			);
			name = RecipeBuilder;
			packageProductDependencies = (
				73631C0F24587182008A6491 /* Highlightr */,
				733DE0062D197D0D00F5CB2D /* Yams */,
			);
			productName = autopkgRecipeBuilder;
			productReference = 73008256245308B100F4909F /* RecipeBuilder.app */;
			productType = "com.apple.product-type.application";
		};
/* End PBXNativeTarget section */

/* Begin PBXProject section */
		7300824E245308B100F4909F /* Project object */ = {
			isa = PBXProject;
			attributes = {
				BuildIndependentTargetsInParallel = YES;
				LastSwiftUpdateCheck = 1130;
				LastUpgradeCheck = 1620;
				ORGANIZATIONNAME = "Mikael Löfgren";
				TargetAttributes = {
					73008255245308B100F4909F = {
						CreatedOnToolsVersion = 11.3.1;
					};
				};
			};
			buildConfigurationList = 73008251245308B100F4909F /* Build configuration list for PBXProject "RecipeBuilder" */;
			compatibilityVersion = "Xcode 9.3";
			developmentRegion = en;
			hasScannedForEncodings = 0;
			knownRegions = (
				en,
				Base,
			);
			mainGroup = 7300824D245308B100F4909F;
			packageReferences = (
				73631C0E24587182008A6491 /* XCRemoteSwiftPackageReference "Highlightr" */,
				733DE0052D197D0D00F5CB2D /* XCRemoteSwiftPackageReference "Yams" */,
			);
			productRefGroup = 73008257245308B100F4909F /* Products */;
			projectDirPath = "";
			projectRoot = "";
			targets = (
				73008255245308B100F4909F /* RecipeBuilder */,
			);
		};
/* End PBXProject section */

/* Begin PBXResourcesBuildPhase section */
		73008254245308B100F4909F /* Resources */ = {
			isa = PBXResourcesBuildPhase;
			buildActionMask = 2147483647;
			files = (
				7300825C245308B600F4909F /* Assets.xcassets in Resources */,
				7300825F245308B600F4909F /* MainMenu.xib in Resources */,
			);
			runOnlyForDeploymentPostprocessing = 0;
		};
/* End PBXResourcesBuildPhase section */

/* Begin PBXSourcesBuildPhase section */
		73008252245308B100F4909F /* Sources */ = {
			isa = PBXSourcesBuildPhase;
			buildActionMask = 2147483647;
			files = (
				7300825A245308B100F4909F /* AppDelegate.swift in Sources */,
				73008268245309F200F4909F /* Buttons.swift in Sources */,
				733DE0042D160A9800F5CB2D /* XMLtoYaml.swift in Sources */,
				733DE00D2D1D596B00F5CB2D /* YamlToXML.swift in Sources */,
				73B2E40D27D51F9800CFEA88 /* CheckAndVerify.swift in Sources */,
				7352335927CBF82C004FAA8C /* Buttons3rdParty.swift in Sources */,
				7352335B27D2981C004FAA8C /* JamfUploaderHelpTexts.swift in Sources */,
				734EF16724B2582200C203C9 /* UserButtons.swift in Sources */,
				73A9CE74247A5D2600627DA8 /* Functions.swift in Sources */,
				733DE00F2D1D863400F5CB2D /* XMLtoYamlSnippets.swift in Sources */,
			);
			runOnlyForDeploymentPostprocessing = 0;
		};
/* End PBXSourcesBuildPhase section */

/* Begin PBXVariantGroup section */
		7300825D245308B600F4909F /* MainMenu.xib */ = {
			isa = PBXVariantGroup;
			children = (
				7300825E245308B600F4909F /* Base */,
			);
			name = MainMenu.xib;
			sourceTree = "<group>";
		};
/* End PBXVariantGroup section */

/* Begin XCBuildConfiguration section */
		73008262245308B600F4909F /* Debug */ = {
			isa = XCBuildConfiguration;
			buildSettings = {
				ALWAYS_SEARCH_USER_PATHS = NO;
				CLANG_ANALYZER_NONNULL = YES;
				CLANG_ANALYZER_NUMBER_OBJECT_CONVERSION = YES_AGGRESSIVE;
				CLANG_CXX_LANGUAGE_STANDARD = "gnu++14";
				CLANG_CXX_LIBRARY = "libc++";
				CLANG_ENABLE_MODULES = YES;
				CLANG_ENABLE_OBJC_ARC = YES;
				CLANG_ENABLE_OBJC_WEAK = YES;
				CLANG_WARN_BLOCK_CAPTURE_AUTORELEASING = YES;
				CLANG_WARN_BOOL_CONVERSION = YES;
				CLANG_WARN_COMMA = YES;
				CLANG_WARN_CONSTANT_CONVERSION = YES;
				CLANG_WARN_DEPRECATED_OBJC_IMPLEMENTATIONS = YES;
				CLANG_WARN_DIRECT_OBJC_ISA_USAGE = YES_ERROR;
				CLANG_WARN_DOCUMENTATION_COMMENTS = YES;
				CLANG_WARN_EMPTY_BODY = YES;
				CLANG_WARN_ENUM_CONVERSION = YES;
				CLANG_WARN_INFINITE_RECURSION = YES;
				CLANG_WARN_INT_CONVERSION = YES;
				CLANG_WARN_NON_LITERAL_NULL_CONVERSION = YES;
				CLANG_WARN_OBJC_IMPLICIT_RETAIN_SELF = YES;
				CLANG_WARN_OBJC_LITERAL_CONVERSION = YES;
				CLANG_WARN_OBJC_ROOT_CLASS = YES_ERROR;
				CLANG_WARN_QUOTED_INCLUDE_IN_FRAMEWORK_HEADER = YES;
				CLANG_WARN_RANGE_LOOP_ANALYSIS = YES;
				CLANG_WARN_STRICT_PROTOTYPES = YES;
				CLANG_WARN_SUSPICIOUS_MOVE = YES;
				CLANG_WARN_UNGUARDED_AVAILABILITY = YES_AGGRESSIVE;
				CLANG_WARN_UNREACHABLE_CODE = YES;
				CLANG_WARN__DUPLICATE_METHOD_MATCH = YES;
				COPY_PHASE_STRIP = NO;
				DEAD_CODE_STRIPPING = YES;
				DEBUG_INFORMATION_FORMAT = dwarf;
				ENABLE_HARDENED_RUNTIME = YES;
				ENABLE_STRICT_OBJC_MSGSEND = YES;
				ENABLE_TESTABILITY = YES;
				ENABLE_USER_SCRIPT_SANDBOXING = YES;
				GCC_C_LANGUAGE_STANDARD = gnu11;
				GCC_DYNAMIC_NO_PIC = NO;
				GCC_NO_COMMON_BLOCKS = YES;
				GCC_OPTIMIZATION_LEVEL = 0;
				GCC_PREPROCESSOR_DEFINITIONS = (
					"DEBUG=1",
					"$(inherited)",
				);
				GCC_WARN_64_TO_32_BIT_CONVERSION = YES;
				GCC_WARN_ABOUT_RETURN_TYPE = YES_ERROR;
				GCC_WARN_UNDECLARED_SELECTOR = YES;
				GCC_WARN_UNINITIALIZED_AUTOS = YES_AGGRESSIVE;
				GCC_WARN_UNUSED_FUNCTION = YES;
				GCC_WARN_UNUSED_VARIABLE = YES;
				MACOSX_DEPLOYMENT_TARGET = 10.14;
				MTL_ENABLE_DEBUG_INFO = INCLUDE_SOURCE;
				MTL_FAST_MATH = YES;
				ONLY_ACTIVE_ARCH = YES;
				SDKROOT = macosx;
				SWIFT_ACTIVE_COMPILATION_CONDITIONS = DEBUG;
				SWIFT_OPTIMIZATION_LEVEL = "-Onone";
			};
			name = Debug;
		};
		73008263245308B600F4909F /* Release */ = {
			isa = XCBuildConfiguration;
			buildSettings = {
				ALWAYS_SEARCH_USER_PATHS = NO;
				CLANG_ANALYZER_NONNULL = YES;
				CLANG_ANALYZER_NUMBER_OBJECT_CONVERSION = YES_AGGRESSIVE;
				CLANG_CXX_LANGUAGE_STANDARD = "gnu++14";
				CLANG_CXX_LIBRARY = "libc++";
				CLANG_ENABLE_MODULES = YES;
				CLANG_ENABLE_OBJC_ARC = YES;
				CLANG_ENABLE_OBJC_WEAK = YES;
				CLANG_WARN_BLOCK_CAPTURE_AUTORELEASING = YES;
				CLANG_WARN_BOOL_CONVERSION = YES;
				CLANG_WARN_COMMA = YES;
				CLANG_WARN_CONSTANT_CONVERSION = YES;
				CLANG_WARN_DEPRECATED_OBJC_IMPLEMENTATIONS = YES;
				CLANG_WARN_DIRECT_OBJC_ISA_USAGE = YES_ERROR;
				CLANG_WARN_DOCUMENTATION_COMMENTS = YES;
				CLANG_WARN_EMPTY_BODY = YES;
				CLANG_WARN_ENUM_CONVERSION = YES;
				CLANG_WARN_INFINITE_RECURSION = YES;
				CLANG_WARN_INT_CONVERSION = YES;
				CLANG_WARN_NON_LITERAL_NULL_CONVERSION = YES;
				CLANG_WARN_OBJC_IMPLICIT_RETAIN_SELF = YES;
				CLANG_WARN_OBJC_LITERAL_CONVERSION = YES;
				CLANG_WARN_OBJC_ROOT_CLASS = YES_ERROR;
				CLANG_WARN_QUOTED_INCLUDE_IN_FRAMEWORK_HEADER = YES;
				CLANG_WARN_RANGE_LOOP_ANALYSIS = YES;
				CLANG_WARN_STRICT_PROTOTYPES = YES;
				CLANG_WARN_SUSPICIOUS_MOVE = YES;
				CLANG_WARN_UNGUARDED_AVAILABILITY = YES_AGGRESSIVE;
				CLANG_WARN_UNREACHABLE_CODE = YES;
				CLANG_WARN__DUPLICATE_METHOD_MATCH = YES;
				COPY_PHASE_STRIP = NO;
				DEAD_CODE_STRIPPING = YES;
				DEBUG_INFORMATION_FORMAT = "dwarf-with-dsym";
				ENABLE_HARDENED_RUNTIME = YES;
				ENABLE_NS_ASSERTIONS = NO;
				ENABLE_STRICT_OBJC_MSGSEND = YES;
				ENABLE_USER_SCRIPT_SANDBOXING = YES;
				GCC_C_LANGUAGE_STANDARD = gnu11;
				GCC_NO_COMMON_BLOCKS = YES;
				GCC_WARN_64_TO_32_BIT_CONVERSION = YES;
				GCC_WARN_ABOUT_RETURN_TYPE = YES_ERROR;
				GCC_WARN_UNDECLARED_SELECTOR = YES;
				GCC_WARN_UNINITIALIZED_AUTOS = YES_AGGRESSIVE;
				GCC_WARN_UNUSED_FUNCTION = YES;
				GCC_WARN_UNUSED_VARIABLE = YES;
				MACOSX_DEPLOYMENT_TARGET = 10.14;
				MTL_ENABLE_DEBUG_INFO = NO;
				MTL_FAST_MATH = YES;
				SDKROOT = macosx;
				SWIFT_COMPILATION_MODE = wholemodule;
				SWIFT_OPTIMIZATION_LEVEL = "-O";
			};
			name = Release;
		};
		73008265245308B600F4909F /* Debug */ = {
			isa = XCBuildConfiguration;
			buildSettings = {
				ASSETCATALOG_COMPILER_APPICON_NAME = AppIcon;
				CODE_SIGN_ENTITLEMENTS = RecipeBuilder/RecipeBuilder.entitlements;
				CODE_SIGN_IDENTITY = "Apple Development";
				"CODE_SIGN_IDENTITY[sdk=macosx*]" = "Apple Development";
				CODE_SIGN_STYLE = Automatic;
				COMBINE_HIDPI_IMAGES = YES;
				DEAD_CODE_STRIPPING = YES;
				DEVELOPMENT_TEAM = F489D96499;
				ENABLE_HARDENED_RUNTIME = YES;
				INFOPLIST_FILE = "$(SRCROOT)/RecipeBuilder/Info.plist";
				INFOPLIST_KEY_CFBundleDisplayName = RecipeBuilder;
				INFOPLIST_KEY_LSApplicationCategoryType = "public.app-category.utilities";
				LD_RUNPATH_SEARCH_PATHS = (
					"$(inherited)",
					"@executable_path/../Frameworks",
				);
				MACOSX_DEPLOYMENT_TARGET = 11.0;
				MARKETING_VERSION = 1.05;
				PRODUCT_BUNDLE_IDENTIFIER = se.mikaellofgren.RecipeBuilder;
				PRODUCT_NAME = "$(TARGET_NAME)";
				PROVISIONING_PROFILE_SPECIFIER = "";
				SWIFT_VERSION = 5.0;
			};
			name = Debug;
		};
		73008266245308B600F4909F /* Release */ = {
			isa = XCBuildConfiguration;
			buildSettings = {
				ASSETCATALOG_COMPILER_APPICON_NAME = AppIcon;
				CODE_SIGN_ENTITLEMENTS = RecipeBuilder/RecipeBuilder.entitlements;
				CODE_SIGN_IDENTITY = "-";
				"CODE_SIGN_IDENTITY[sdk=macosx*]" = "Apple Development";
				CODE_SIGN_STYLE = Automatic;
				COMBINE_HIDPI_IMAGES = YES;
				DEAD_CODE_STRIPPING = YES;
				DEVELOPMENT_TEAM = F489D96499;
				ENABLE_HARDENED_RUNTIME = YES;
				INFOPLIST_FILE = "$(SRCROOT)/RecipeBuilder/Info.plist";
				INFOPLIST_KEY_CFBundleDisplayName = RecipeBuilder;
				INFOPLIST_KEY_LSApplicationCategoryType = "public.app-category.utilities";
				LD_RUNPATH_SEARCH_PATHS = (
					"$(inherited)",
					"@executable_path/../Frameworks",
				);
				MACOSX_DEPLOYMENT_TARGET = 11.0;
				MARKETING_VERSION = 1.05;
				PRODUCT_BUNDLE_IDENTIFIER = se.mikaellofgren.RecipeBuilder;
				PRODUCT_NAME = "$(TARGET_NAME)";
				PROVISIONING_PROFILE_SPECIFIER = "";
				SWIFT_VERSION = 5.0;
			};
			name = Release;
		};
/* End XCBuildConfiguration section */

/* Begin XCConfigurationList section */
		73008251245308B100F4909F /* Build configuration list for PBXProject "RecipeBuilder" */ = {
			isa = XCConfigurationList;
			buildConfigurations = (
				73008262245308B600F4909F /* Debug */,
				73008263245308B600F4909F /* Release */,
			);
			defaultConfigurationIsVisible = 0;
			defaultConfigurationName = Release;
		};
		73008264245308B600F4909F /* Build configuration list for PBXNativeTarget "RecipeBuilder" */ = {
			isa = XCConfigurationList;
			buildConfigurations = (
				73008265245308B600F4909F /* Debug */,
				73008266245308B600F4909F /* Release */,
			);
			defaultConfigurationIsVisible = 0;
			defaultConfigurationName = Release;
		};
/* End XCConfigurationList section */

/* Begin XCRemoteSwiftPackageReference section */
		733DE0052D197D0D00F5CB2D /* XCRemoteSwiftPackageReference "Yams" */ = {
			isa = XCRemoteSwiftPackageReference;
			repositoryURL = "https://github.com/jpsim/Yams.git";
			requirement = {
				kind = upToNextMajorVersion;
				minimumVersion = 5.1.3;
			};
		};
		73631C0E24587182008A6491 /* XCRemoteSwiftPackageReference "Highlightr" */ = {
			isa = XCRemoteSwiftPackageReference;
			repositoryURL = "https://github.com/helje5/Highlightr.git";
			requirement = {
				kind = upToNextMajorVersion;
				minimumVersion = 3.0.0;
			};
		};
/* End XCRemoteSwiftPackageReference section */

/* Begin XCSwiftPackageProductDependency section */
		733DE0062D197D0D00F5CB2D /* Yams */ = {
			isa = XCSwiftPackageProductDependency;
			package = 733DE0052D197D0D00F5CB2D /* XCRemoteSwiftPackageReference "Yams" */;
			productName = Yams;
		};
		73631C0F24587182008A6491 /* Highlightr */ = {
			isa = XCSwiftPackageProductDependency;
			package = 73631C0E24587182008A6491 /* XCRemoteSwiftPackageReference "Highlightr" */;
			productName = Highlightr;
		};
/* End XCSwiftPackageProductDependency section */
	};
	rootObject = 7300824E245308B100F4909F /* Project object */;
}
